{
  "name": "fixture-ts-lock-npm",
  "lockfileVersion": 3,
  "requires": true,
  "packages": {
    "": {
      "name": "fixture-ts-lock-npm",
      "devDependencies": {
        "typescript": "latest",
        "typescript-eslint": "^8.68.0"
      }
    },
    "node_modules/typescript": {
      "version": "7.0.2",
      "resolved": "https://registry.npmjs.org/typescript/-/typescript-7.0.2.tgz",
      "dev": true
    }
  }
}
